// !$*UTF8*$!
{
	archiveVersion = 1;
	classes = {
	};
	objectVersion = 56;
	objects = {

/* Begin PBXFileReference section */
		B9003BF62B1A8F8600762AF5 /* stickman-6.png */ = {isa = PBXFileReference; lastKnownFileType = image.png; path = "stickman-6.png"; sourceTree = "<group>"; };
		B9003BF72B1A8F8600762AF5 /* stickman-4.png */ = {isa = PBXFileReference; lastKnownFileType = image.png; path = "stickman-4.png"; sourceTree = "<group>"; };
		B9003BF82B1A8F8600762AF5 /* stickman-0.png */ = {isa = PBXFileReference; lastKnownFileType = image.png; path = "stickman-0.png"; sourceTree = "<group>"; };
		B9003BF92B1A8F8600762AF5 /* stickman-3.png */ = {isa = PBXFileReference; lastKnownFileType = image.png; path = "stickman-3.png"; sourceTree = "<group>"; };
		B9003BFA2B1A8F8600762AF5 /* stickman-1.png */ = {isa = PBXFileReference; lastKnownFileType = image.png; path = "stickman-1.png"; sourceTree = "<group>"; };
		B9003BFB2B1A8F8600762AF5 /* stickman-2.png */ = {isa = PBXFileReference; lastKnownFileType = image.png; path = "stickman-2.png"; sourceTree = "<group>"; };
		B9003BFC2B1A8F8600762AF5 /* stickman-5.png */ = {isa = PBXFileReference; lastKnownFileType = image.png; path = "stickman-5.png"; sourceTree = "<group>"; };
		B9CF14392B14F9E9000F4680 /* favicon.ico */ = {isa = PBXFileReference; lastKnownFileType = image.ico; path = favicon.ico; sourceTree = "<group>"; };
		B9CF143D2B17EE56000F4680 /* games.js */ = {isa = PBXFileReference; lastKnownFileType = sourcecode.javascript; path = games.js; sourceTree = "<group>"; };
		B9CF143E2B18DC4D000F4680 /* words.txt */ = {isa = PBXFileReference; lastKnownFileType = text; path = words.txt; sourceTree = "<group>"; };
		D176B79A2B127FD500176D3C /* pages.js */ = {isa = PBXFileReference; lastKnownFileType = sourcecode.javascript; path = pages.js; sourceTree = "<group>"; };
		D1C1E68F2B0F02D500221031 /* hangman.html */ = {isa = PBXFileReference; lastKnownFileType = text.html; path = hangman.html; sourceTree = "<group>"; };
		D1C1E6902B0F02D500221031 /* index.html */ = {isa = PBXFileReference; lastKnownFileType = text.html; path = index.html; sourceTree = "<group>"; };
		D1C1E6922B0F02D500221031 /* privacy-policy.html */ = {isa = PBXFileReference; lastKnownFileType = text.html; path = "privacy-policy.html"; sourceTree = "<group>"; };
		D1C1E6932B0F02D500221031 /* terms and conditions.html */ = {isa = PBXFileReference; lastKnownFileType = text.html; path = "terms and conditions.html"; sourceTree = "<group>"; };
		D1C1E6942B0F02D500221031 /* about-us.html */ = {isa = PBXFileReference; lastKnownFileType = text.html; path = "about-us.html"; sourceTree = "<group>"; };
		D1C1E6952B0F02D500221031 /* robots.txt */ = {isa = PBXFileReference; lastKnownFileType = text; path = robots.txt; sourceTree = "<group>"; };
		D1C1E6962B0F02D500221031 /* scripts.js */ = {isa = PBXFileReference; lastKnownFileType = sourcecode.javascript; path = scripts.js; sourceTree = "<group>"; };
		D1C1E6982B0F02D500221031 /* styles.css */ = {isa = PBXFileReference; lastKnownFileType = text.css; path = styles.css; sourceTree = "<group>"; };
/* End PBXFileReference section */

/* Begin PBXGroup section */
		B9CF143C2B16A74F000F4680 /* games */ = {
			isa = PBXGroup;
			children = (
				B9CF143E2B18DC4D000F4680 /* words.txt */,
				D1C1E68F2B0F02D500221031 /* hangman.html */,
				B9CF143D2B17EE56000F4680 /* games.js */,
			);
			path = games;
			sourceTree = "<group>";
		};
		D137BC232B09090F00C3086E = {
			isa = PBXGroup;
			children = (
				D1C1E6972B0F02D500221031 /* images */,
				D1C1E6912B0F02D500221031 /* pages */,
				B9CF143C2B16A74F000F4680 /* games */,
				D1C1E6902B0F02D500221031 /* index.html */,
				D1C1E6982B0F02D500221031 /* styles.css */,
				D1C1E6962B0F02D500221031 /* scripts.js */,
				D1C1E6952B0F02D500221031 /* robots.txt */,
				B9CF14392B14F9E9000F4680 /* favicon.ico */,
			);
			sourceTree = "<group>";
		};
		D1C1E6912B0F02D500221031 /* pages */ = {
			isa = PBXGroup;
			children = (
				D1C1E6922B0F02D500221031 /* privacy-policy.html */,
				D1C1E6932B0F02D500221031 /* terms and conditions.html */,
				D1C1E6942B0F02D500221031 /* about-us.html */,
				D176B79A2B127FD500176D3C /* pages.js */,
			);
			path = pages;
			sourceTree = "<group>";
		};
		D1C1E6972B0F02D500221031 /* images */ = {
			isa = PBXGroup;
			children = (
				B9003BF82B1A8F8600762AF5 /* stickman-0.png */,
				B9003BFA2B1A8F8600762AF5 /* stickman-1.png */,
				B9003BFB2B1A8F8600762AF5 /* stickman-2.png */,
				B9003BF92B1A8F8600762AF5 /* stickman-3.png */,
				B9003BF72B1A8F8600762AF5 /* stickman-4.png */,
				B9003BFC2B1A8F8600762AF5 /* stickman-5.png */,
				B9003BF62B1A8F8600762AF5 /* stickman-6.png */,
			);
			path = images;
			sourceTree = "<group>";
		};
/* End PBXGroup section */

/* Begin PBXProject section */
		D137BC242B09090F00C3086E /* Project object */ = {
			isa = PBXProject;
			attributes = {
				BuildIndependentTargetsInParallel = 1;
				LastUpgradeCheck = 1500;
			};
			buildConfigurationList = D137BC272B09090F00C3086E /* Build configuration list for PBXProject "Keyboard Tester" */;
			compatibilityVersion = "Xcode 14.0";
			developmentRegion = en;
			hasScannedForEncodings = 0;
			knownRegions = (
				en,
				Base,
			);
			mainGroup = D137BC232B09090F00C3086E;
			projectDirPath = "";
			projectRoot = "";
			targets = (
			);
		};
/* End PBXProject section */

/* Begin XCBuildConfiguration section */
		D137BC282B09090F00C3086E /* Debug */ = {
			isa = XCBuildConfiguration;
			buildSettings = {
			};
			name = Debug;
		};
		D137BC292B09090F00C3086E /* Release */ = {
			isa = XCBuildConfiguration;
			buildSettings = {
			};
			name = Release;
		};
/* End XCBuildConfiguration section */

/* Begin XCConfigurationList section */
		D137BC272B09090F00C3086E /* Build configuration list for PBXProject "Keyboard Tester" */ = {
			isa = XCConfigurationList;
			buildConfigurations = (
				D137BC282B09090F00C3086E /* Debug */,
				D137BC292B09090F00C3086E /* Release */,
			);
			defaultConfigurationIsVisible = 0;
			defaultConfigurationName = Release;
		};
/* End XCConfigurationList section */
	};
	rootObject = D137BC242B09090F00C3086E /* Project object */;
}
